Microsoft Visual Studio Solution File, Format Version 10.00
# Visual Studio 2008
Project("{8BC9CEB8-8B4A-11D0-8D11-00A0C91BC942}") = "yaslc", "yaslc.vcproj", "{9B726AA3-97CF-4F4C-A8CF-E33C12968D21}"
EndProject
Global
	GlobalSection(SolutionConfigurationPlatforms) = preSolution
		Debug|Win32 = Debug|Win32
		Release|Win32 = Release|Win32
	EndGlobalSection
	GlobalSection(ProjectConfigurationPlatforms) = postSolution
		{9B726AA3-97CF-4F4C-A8CF-E33C12968D21}.Debug|Win32.ActiveCfg = Debug|Win32
		{9B726AA3-97CF-4F4C-A8CF-E33C12968D21}.Debug|Win32.Build.0 = Debug|Win32
		{9B726AA3-97CF-4F4C-A8CF-E33C12968D21}.Release|Win32.ActiveCfg = Release|Win32
		{9B726AA3-97CF-4F4C-A8CF-E33C12968D21}.Release|Win32.Build.0 = Release|Win32
	EndGlobalSection
	GlobalSection(SolutionProperties) = preSolution
		HideSolutionNode = FALSE
	EndGlobalSection
EndGlobal
